
Microsoft Visual Studio Solution File, Format Version 12.00
# Visual Studio Version 16
VisualStudioVersion = 16.0.29025.244
MinimumVisualStudioVersion = 10.0.40219.1
Project("{FAE04EC0-301F-11D3-BF4B-00C04F79EFBC}") = "SeleniumPrj", "SeleniumPrj.csproj", "{2A8497D7-1890-4B06-B126-9E9C21687EC5}"
EndProject
Global
	GlobalSection(SolutionConfigurationPlatforms) = preSolution
		Debug|Any CPU = Debug|Any CPU
		Release|Any CPU = Release|Any CPU
	EndGlobalSection
	GlobalSection(ProjectConfigurationPlatforms) = postSolution
		{2A8497D7-1890-4B06-B126-9E9C21687EC5}.Debug|Any CPU.ActiveCfg = Debug|Any CPU
		{2A8497D7-1890-4B06-B126-9E9C21687EC5}.Debug|Any CPU.Build.0 = Debug|Any CPU
		{2A8497D7-1890-4B06-B126-9E9C21687EC5}.Release|Any CPU.ActiveCfg = Release|Any CPU
		{2A8497D7-1890-4B06-B126-9E9C21687EC5}.Release|Any CPU.Build.0 = Release|Any CPU
	EndGlobalSection
	GlobalSection(SolutionProperties) = preSolution
		HideSolutionNode = FALSE
	EndGlobalSection
	GlobalSection(ExtensibilityGlobals) = postSolution
		SolutionGuid = {79644BAB-8FC9-4477-839C-78E72014DB65}
	EndGlobalSection
EndGlobal
